
Microsoft Visual Studio Solution File, Format Version 12.00
# Visual Studio 15
VisualStudioVersion = 15.0.28307.489
MinimumVisualStudioVersion = 10.0.40219.1
Project("{FAE04EC0-301F-11D3-BF4B-00C04F79EFBC}") = "entradadedados", "entradadedados\entradadedados.csproj", "{6CAF416B-2265-4579-8140-08D1D107805B}"
EndProject
Global
	GlobalSection(SolutionConfigurationPlatforms) = preSolution
		Debug|Any CPU = Debug|Any CPU
		Release|Any CPU = Release|Any CPU
	EndGlobalSection
	GlobalSection(ProjectConfigurationPlatforms) = postSolution
		{6CAF416B-2265-4579-8140-08D1D107805B}.Debug|Any CPU.ActiveCfg = Debug|Any CPU
		{6CAF416B-2265-4579-8140-08D1D107805B}.Debug|Any CPU.Build.0 = Debug|Any CPU
		{6CAF416B-2265-4579-8140-08D1D107805B}.Release|Any CPU.ActiveCfg = Release|Any CPU
		{6CAF416B-2265-4579-8140-08D1D107805B}.Release|Any CPU.Build.0 = Release|Any CPU
	EndGlobalSection
	GlobalSection(SolutionProperties) = preSolution
		HideSolutionNode = FALSE
	EndGlobalSection
	GlobalSection(ExtensibilityGlobals) = postSolution
		SolutionGuid = {8C18B41E-4D28-4F17-98FA-A2D0F80622F5}
	EndGlobalSection
EndGlobal
