
Microsoft Visual Studio Solution File, Format Version 12.00
# Visual Studio Version 17
VisualStudioVersion = 17.13.35825.156 d17.13
MinimumVisualStudioVersion = 10.0.40219.1
Project("{FAE04EC0-301F-11D3-BF4B-00C04F79EFBC}") = "encapsulation in .net", "encapsulation in .net\encapsulation in .net.csproj", "{93F5BB84-C292-427B-8295-BFDF1DE5A756}"
EndProject
Global
	GlobalSection(SolutionConfigurationPlatforms) = preSolution
		Debug|Any CPU = Debug|Any CPU
		Release|Any CPU = Release|Any CPU
	EndGlobalSection
	GlobalSection(ProjectConfigurationPlatforms) = postSolution
		{93F5BB84-C292-427B-8295-BFDF1DE5A756}.Debug|Any CPU.ActiveCfg = Debug|Any CPU
		{93F5BB84-C292-427B-8295-BFDF1DE5A756}.Debug|Any CPU.Build.0 = Debug|Any CPU
		{93F5BB84-C292-427B-8295-BFDF1DE5A756}.Release|Any CPU.ActiveCfg = Release|Any CPU
		{93F5BB84-C292-427B-8295-BFDF1DE5A756}.Release|Any CPU.Build.0 = Release|Any CPU
	EndGlobalSection
	GlobalSection(SolutionProperties) = preSolution
		HideSolutionNode = FALSE
	EndGlobalSection
	GlobalSection(ExtensibilityGlobals) = postSolution
		SolutionGuid = {3BC03190-A884-4FBF-94A5-985A92F74E29}
	EndGlobalSection
EndGlobal
