
Microsoft Visual Studio Solution File, Format Version 12.00
# Visual Studio 15
VisualStudioVersion = 15.0.28307.489
MinimumVisualStudioVersion = 10.0.40219.1
Project("{FAE04EC0-301F-11D3-BF4B-00C04F79EFBC}") = "atividade_entrada", "atividade_entrada\atividade_entrada.csproj", "{3CF10685-22FC-4E06-A10E-EE8FB82ADF44}"
EndProject
Global
	GlobalSection(SolutionConfigurationPlatforms) = preSolution
		Debug|Any CPU = Debug|Any CPU
		Release|Any CPU = Release|Any CPU
	EndGlobalSection
	GlobalSection(ProjectConfigurationPlatforms) = postSolution
		{3CF10685-22FC-4E06-A10E-EE8FB82ADF44}.Debug|Any CPU.ActiveCfg = Debug|Any CPU
		{3CF10685-22FC-4E06-A10E-EE8FB82ADF44}.Debug|Any CPU.Build.0 = Debug|Any CPU
		{3CF10685-22FC-4E06-A10E-EE8FB82ADF44}.Release|Any CPU.ActiveCfg = Release|Any CPU
		{3CF10685-22FC-4E06-A10E-EE8FB82ADF44}.Release|Any CPU.Build.0 = Release|Any CPU
	EndGlobalSection
	GlobalSection(SolutionProperties) = preSolution
		HideSolutionNode = FALSE
	EndGlobalSection
	GlobalSection(ExtensibilityGlobals) = postSolution
		SolutionGuid = {D17A0B1D-CB8B-4219-9763-5AD2D6AC2781}
	EndGlobalSection
EndGlobal
